
Microsoft Visual Studio Solution File, Format Version 12.00
# Visual Studio Version 17
VisualStudioVersion = 17.6.33801.468
MinimumVisualStudioVersion = 10.0.40219.1
Project("{FAE04EC0-301F-11D3-BF4B-00C04F79EFBC}") = "Educational Software", "Educational Software\Educational Software.csproj", "{941822F9-A081-4118-B319-FD9B46F22842}"
EndProject
Project("{FAE04EC0-301F-11D3-BF4B-00C04F79EFBC}") = "WindowsFormsFormFlat", "WindowsFormsFormFlat\WindowsFormsFormFlat.csproj", "{DAF0DAB1-C94B-41AC-BF22-C3E1B09D554D}"
EndProject
Project("{FAE04EC0-301F-11D3-BF4B-00C04F79EFBC}") = "ShadowPanel", "ShadowPanel\ShadowPanel.csproj", "{E4A93A7D-7C34-4542-BBED-1E70E7A65329}"
EndProject
Global
	GlobalSection(SolutionConfigurationPlatforms) = preSolution
		Debug|Any CPU = Debug|Any CPU
		Release|Any CPU = Release|Any CPU
	EndGlobalSection
	GlobalSection(ProjectConfigurationPlatforms) = postSolution
		{941822F9-A081-4118-B319-FD9B46F22842}.Debug|Any CPU.ActiveCfg = Debug|Any CPU
		{941822F9-A081-4118-B319-FD9B46F22842}.Debug|Any CPU.Build.0 = Debug|Any CPU
		{941822F9-A081-4118-B319-FD9B46F22842}.Release|Any CPU.ActiveCfg = Release|Any CPU
		{941822F9-A081-4118-B319-FD9B46F22842}.Release|Any CPU.Build.0 = Release|Any CPU
		{DAF0DAB1-C94B-41AC-BF22-C3E1B09D554D}.Debug|Any CPU.ActiveCfg = Debug|Any CPU
		{DAF0DAB1-C94B-41AC-BF22-C3E1B09D554D}.Debug|Any CPU.Build.0 = Debug|Any CPU
		{DAF0DAB1-C94B-41AC-BF22-C3E1B09D554D}.Release|Any CPU.ActiveCfg = Release|Any CPU
		{DAF0DAB1-C94B-41AC-BF22-C3E1B09D554D}.Release|Any CPU.Build.0 = Release|Any CPU
		{E4A93A7D-7C34-4542-BBED-1E70E7A65329}.Debug|Any CPU.ActiveCfg = Debug|Any CPU
		{E4A93A7D-7C34-4542-BBED-1E70E7A65329}.Debug|Any CPU.Build.0 = Debug|Any CPU
		{E4A93A7D-7C34-4542-BBED-1E70E7A65329}.Release|Any CPU.ActiveCfg = Release|Any CPU
		{E4A93A7D-7C34-4542-BBED-1E70E7A65329}.Release|Any CPU.Build.0 = Release|Any CPU
	EndGlobalSection
	GlobalSection(SolutionProperties) = preSolution
		HideSolutionNode = FALSE
	EndGlobalSection
	GlobalSection(ExtensibilityGlobals) = postSolution
		SolutionGuid = {D658C000-583D-4510-8C0C-8A2F9A00E4B3}
	EndGlobalSection
EndGlobal
